
Microsoft Visual Studio Solution File, Format Version 12.00
# Visual Studio Version 17
VisualStudioVersion = 17.9.34723.18
MinimumVisualStudioVersion = 10.0.40219.1
Project("{9A19103F-16F7-4668-BE54-9A1E7A4F7556}") = "Task_1", "Task_1\Task_1.csproj", "{C13C0230-D75F-49AC-ACBE-65887F69FEFC}"
EndProject
Project("{9A19103F-16F7-4668-BE54-9A1E7A4F7556}") = "Task_2", "Task_2\Task_2.csproj", "{448DC377-5E8C-4008-A4BB-11B53F354BAB}"
EndProject
Project("{9A19103F-16F7-4668-BE54-9A1E7A4F7556}") = "Task_3", "Task_3\Task_3.csproj", "{DE373771-2115-4B29-BB1B-4F8012B214EB}"
EndProject
Project("{FAE04EC0-301F-11D3-BF4B-00C04F79EFBC}") = "Task_4", "Task_4\Task_4.csproj", "{B3F4CF59-E1AA-4FDA-A27F-CCA217208A1B}"
EndProject
Global
	GlobalSection(SolutionConfigurationPlatforms) = preSolution
		Debug|Any CPU = Debug|Any CPU
		Release|Any CPU = Release|Any CPU
	EndGlobalSection
	GlobalSection(ProjectConfigurationPlatforms) = postSolution
		{C13C0230-D75F-49AC-ACBE-65887F69FEFC}.Debug|Any CPU.ActiveCfg = Debug|Any CPU
		{C13C0230-D75F-49AC-ACBE-65887F69FEFC}.Debug|Any CPU.Build.0 = Debug|Any CPU
		{C13C0230-D75F-49AC-ACBE-65887F69FEFC}.Release|Any CPU.ActiveCfg = Release|Any CPU
		{C13C0230-D75F-49AC-ACBE-65887F69FEFC}.Release|Any CPU.Build.0 = Release|Any CPU
		{448DC377-5E8C-4008-A4BB-11B53F354BAB}.Debug|Any CPU.ActiveCfg = Debug|Any CPU
		{448DC377-5E8C-4008-A4BB-11B53F354BAB}.Debug|Any CPU.Build.0 = Debug|Any CPU
		{448DC377-5E8C-4008-A4BB-11B53F354BAB}.Release|Any CPU.ActiveCfg = Release|Any CPU
		{448DC377-5E8C-4008-A4BB-11B53F354BAB}.Release|Any CPU.Build.0 = Release|Any CPU
		{DE373771-2115-4B29-BB1B-4F8012B214EB}.Debug|Any CPU.ActiveCfg = Debug|Any CPU
		{DE373771-2115-4B29-BB1B-4F8012B214EB}.Debug|Any CPU.Build.0 = Debug|Any CPU
		{DE373771-2115-4B29-BB1B-4F8012B214EB}.Release|Any CPU.ActiveCfg = Release|Any CPU
		{DE373771-2115-4B29-BB1B-4F8012B214EB}.Release|Any CPU.Build.0 = Release|Any CPU
		{B3F4CF59-E1AA-4FDA-A27F-CCA217208A1B}.Debug|Any CPU.ActiveCfg = Debug|Any CPU
		{B3F4CF59-E1AA-4FDA-A27F-CCA217208A1B}.Debug|Any CPU.Build.0 = Debug|Any CPU
		{B3F4CF59-E1AA-4FDA-A27F-CCA217208A1B}.Release|Any CPU.ActiveCfg = Release|Any CPU
		{B3F4CF59-E1AA-4FDA-A27F-CCA217208A1B}.Release|Any CPU.Build.0 = Release|Any CPU
	EndGlobalSection
	GlobalSection(SolutionProperties) = preSolution
		HideSolutionNode = FALSE
	EndGlobalSection
	GlobalSection(ExtensibilityGlobals) = postSolution
		SolutionGuid = {E30C7E34-66A1-4FFC-AABE-DBCFBA38A6C1}
	EndGlobalSection
EndGlobal
